
Microsoft Visual Studio Solution File, Format Version 12.00
# Visual Studio 15
VisualStudioVersion = 15.0.25807.0
MinimumVisualStudioVersion = 10.0.40219.1
Project("{FAE04EC0-301F-11D3-BF4B-00C04F79EFBC}") = "XppIRC", "XppIRC\XppIRC.csproj", "{DE759B29-2CFA-485F-8668-71EF5351ED9B}"
EndProject
Project("{8BC9CEB8-8B4A-11D0-8D11-00A0C91BC942}") = "UWPBridge", "UWPBridge\UWPBridge.vcxproj", "{DFE521D7-4C51-4EF9-BBF2-97FAC377BC40}"
EndProject
Project("{39E2626F-3545-4960-A6E8-258AD8476CE5}") = "XppIRCAndroid", "XppIRCAndroid\XppIRCAndroid.androidproj", "{EA69019E-64AA-4746-821F-67B49DEF7192}"
EndProject
Project("{8BC9CEB8-8B4A-11D0-8D11-00A0C91BC942}") = "Core.Shared", "Core\Core.Shared\Core.Shared.vcxitems", "{CEFFA05B-B739-4678-ADF2-9E17C6ACC9A1}"
EndProject
Project("{8BC9CEB8-8B4A-11D0-8D11-00A0C91BC942}") = "Core.Android", "Core\Core.Android\Core.Android.vcxproj", "{DB447787-2132-4C47-B90E-31373069A0F6}"
EndProject
Project("{8BC9CEB8-8B4A-11D0-8D11-00A0C91BC942}") = "Core.iOS", "Core\Core.iOS\Core.iOS.vcxproj", "{6953325D-6921-409F-8E3E-588FA9C4457B}"
EndProject
Project("{8BC9CEB8-8B4A-11D0-8D11-00A0C91BC942}") = "Core.UWP", "Core\Core.UWP\Core.UWP.vcxproj", "{616831B4-3680-4CD9-94E0-BB896EAB6769}"
EndProject
Global
	GlobalSection(SharedMSBuildProjectFiles) = preSolution
		Core\Core.Shared\Core.Shared.vcxitems*{616831b4-3680-4cd9-94e0-bb896eab6769}*SharedItemsImports = 4
		Core\Core.Shared\Core.Shared.vcxitems*{6953325d-6921-409f-8e3e-588fa9c4457b}*SharedItemsImports = 4
		Core\Core.Shared\Core.Shared.vcxitems*{ceffa05b-b739-4678-adf2-9e17c6acc9a1}*SharedItemsImports = 9
		Core\Core.Shared\Core.Shared.vcxitems*{db447787-2132-4c47-b90e-31373069a0f6}*SharedItemsImports = 4
		Core\Core.Shared\Core.Shared.vcxitems*{dfe521d7-4c51-4ef9-bbf2-97fac377bc40}*SharedItemsImports = 4
	EndGlobalSection
	GlobalSection(SolutionConfigurationPlatforms) = preSolution
		Debug|ARM = Debug|ARM
		Debug|ARM64 = Debug|ARM64
		Debug|x64 = Debug|x64
		Debug|x86 = Debug|x86
		Release|ARM = Release|ARM
		Release|ARM64 = Release|ARM64
		Release|x64 = Release|x64
		Release|x86 = Release|x86
	EndGlobalSection
	GlobalSection(ProjectConfigurationPlatforms) = postSolution
		{DE759B29-2CFA-485F-8668-71EF5351ED9B}.Debug|ARM.ActiveCfg = Debug|ARM
		{DE759B29-2CFA-485F-8668-71EF5351ED9B}.Debug|ARM.Build.0 = Debug|ARM
		{DE759B29-2CFA-485F-8668-71EF5351ED9B}.Debug|ARM.Deploy.0 = Debug|ARM
		{DE759B29-2CFA-485F-8668-71EF5351ED9B}.Debug|ARM64.ActiveCfg = Debug|x86
		{DE759B29-2CFA-485F-8668-71EF5351ED9B}.Debug|x64.ActiveCfg = Debug|x64
		{DE759B29-2CFA-485F-8668-71EF5351ED9B}.Debug|x64.Build.0 = Debug|x64
		{DE759B29-2CFA-485F-8668-71EF5351ED9B}.Debug|x64.Deploy.0 = Debug|x64
		{DE759B29-2CFA-485F-8668-71EF5351ED9B}.Debug|x86.ActiveCfg = Debug|x86
		{DE759B29-2CFA-485F-8668-71EF5351ED9B}.Debug|x86.Build.0 = Debug|x86
		{DE759B29-2CFA-485F-8668-71EF5351ED9B}.Debug|x86.Deploy.0 = Debug|x86
		{DE759B29-2CFA-485F-8668-71EF5351ED9B}.Release|ARM.ActiveCfg = Release|ARM
		{DE759B29-2CFA-485F-8668-71EF5351ED9B}.Release|ARM.Build.0 = Release|ARM
		{DE759B29-2CFA-485F-8668-71EF5351ED9B}.Release|ARM.Deploy.0 = Release|ARM
		{DE759B29-2CFA-485F-8668-71EF5351ED9B}.Release|ARM64.ActiveCfg = Release|x86
		{DE759B29-2CFA-485F-8668-71EF5351ED9B}.Release|x64.ActiveCfg = Release|x64
		{DE759B29-2CFA-485F-8668-71EF5351ED9B}.Release|x64.Build.0 = Release|x64
		{DE759B29-2CFA-485F-8668-71EF5351ED9B}.Release|x64.Deploy.0 = Release|x64
		{DE759B29-2CFA-485F-8668-71EF5351ED9B}.Release|x86.ActiveCfg = Release|x86
		{DE759B29-2CFA-485F-8668-71EF5351ED9B}.Release|x86.Build.0 = Release|x86
		{DE759B29-2CFA-485F-8668-71EF5351ED9B}.Release|x86.Deploy.0 = Release|x86
		{DFE521D7-4C51-4EF9-BBF2-97FAC377BC40}.Debug|ARM.ActiveCfg = Debug|ARM
		{DFE521D7-4C51-4EF9-BBF2-97FAC377BC40}.Debug|ARM.Build.0 = Debug|ARM
		{DFE521D7-4C51-4EF9-BBF2-97FAC377BC40}.Debug|ARM64.ActiveCfg = Debug|Win32
		{DFE521D7-4C51-4EF9-BBF2-97FAC377BC40}.Debug|x64.ActiveCfg = Debug|x64
		{DFE521D7-4C51-4EF9-BBF2-97FAC377BC40}.Debug|x64.Build.0 = Debug|x64
		{DFE521D7-4C51-4EF9-BBF2-97FAC377BC40}.Debug|x86.ActiveCfg = Debug|Win32
		{DFE521D7-4C51-4EF9-BBF2-97FAC377BC40}.Debug|x86.Build.0 = Debug|Win32
		{DFE521D7-4C51-4EF9-BBF2-97FAC377BC40}.Release|ARM.ActiveCfg = Release|ARM
		{DFE521D7-4C51-4EF9-BBF2-97FAC377BC40}.Release|ARM.Build.0 = Release|ARM
		{DFE521D7-4C51-4EF9-BBF2-97FAC377BC40}.Release|ARM64.ActiveCfg = Release|Win32
		{DFE521D7-4C51-4EF9-BBF2-97FAC377BC40}.Release|x64.ActiveCfg = Release|x64
		{DFE521D7-4C51-4EF9-BBF2-97FAC377BC40}.Release|x64.Build.0 = Release|x64
		{DFE521D7-4C51-4EF9-BBF2-97FAC377BC40}.Release|x86.ActiveCfg = Release|Win32
		{DFE521D7-4C51-4EF9-BBF2-97FAC377BC40}.Release|x86.Build.0 = Release|Win32
		{EA69019E-64AA-4746-821F-67B49DEF7192}.Debug|ARM.ActiveCfg = Debug|ARM
		{EA69019E-64AA-4746-821F-67B49DEF7192}.Debug|ARM.Build.0 = Debug|ARM
		{EA69019E-64AA-4746-821F-67B49DEF7192}.Debug|ARM.Deploy.0 = Debug|ARM
		{EA69019E-64AA-4746-821F-67B49DEF7192}.Debug|ARM64.ActiveCfg = Debug|ARM64
		{EA69019E-64AA-4746-821F-67B49DEF7192}.Debug|ARM64.Build.0 = Debug|ARM64
		{EA69019E-64AA-4746-821F-67B49DEF7192}.Debug|ARM64.Deploy.0 = Debug|ARM64
		{EA69019E-64AA-4746-821F-67B49DEF7192}.Debug|x64.ActiveCfg = Debug|x64
		{EA69019E-64AA-4746-821F-67B49DEF7192}.Debug|x64.Build.0 = Debug|x64
		{EA69019E-64AA-4746-821F-67B49DEF7192}.Debug|x64.Deploy.0 = Debug|x64
		{EA69019E-64AA-4746-821F-67B49DEF7192}.Debug|x86.ActiveCfg = Debug|x86
		{EA69019E-64AA-4746-821F-67B49DEF7192}.Debug|x86.Build.0 = Debug|x86
		{EA69019E-64AA-4746-821F-67B49DEF7192}.Debug|x86.Deploy.0 = Debug|x86
		{EA69019E-64AA-4746-821F-67B49DEF7192}.Release|ARM.ActiveCfg = Release|ARM
		{EA69019E-64AA-4746-821F-67B49DEF7192}.Release|ARM.Build.0 = Release|ARM
		{EA69019E-64AA-4746-821F-67B49DEF7192}.Release|ARM.Deploy.0 = Release|ARM
		{EA69019E-64AA-4746-821F-67B49DEF7192}.Release|ARM64.ActiveCfg = Release|ARM64
		{EA69019E-64AA-4746-821F-67B49DEF7192}.Release|ARM64.Build.0 = Release|ARM64
		{EA69019E-64AA-4746-821F-67B49DEF7192}.Release|ARM64.Deploy.0 = Release|ARM64
		{EA69019E-64AA-4746-821F-67B49DEF7192}.Release|x64.ActiveCfg = Release|x64
		{EA69019E-64AA-4746-821F-67B49DEF7192}.Release|x64.Build.0 = Release|x64
		{EA69019E-64AA-4746-821F-67B49DEF7192}.Release|x64.Deploy.0 = Release|x64
		{EA69019E-64AA-4746-821F-67B49DEF7192}.Release|x86.ActiveCfg = Release|x86
		{EA69019E-64AA-4746-821F-67B49DEF7192}.Release|x86.Build.0 = Release|x86
		{EA69019E-64AA-4746-821F-67B49DEF7192}.Release|x86.Deploy.0 = Release|x86
		{DB447787-2132-4C47-B90E-31373069A0F6}.Debug|ARM.ActiveCfg = Debug|ARM
		{DB447787-2132-4C47-B90E-31373069A0F6}.Debug|ARM.Build.0 = Debug|ARM
		{DB447787-2132-4C47-B90E-31373069A0F6}.Debug|ARM64.ActiveCfg = Debug|ARM64
		{DB447787-2132-4C47-B90E-31373069A0F6}.Debug|ARM64.Build.0 = Debug|ARM64
		{DB447787-2132-4C47-B90E-31373069A0F6}.Debug|x64.ActiveCfg = Debug|x64
		{DB447787-2132-4C47-B90E-31373069A0F6}.Debug|x64.Build.0 = Debug|x64
		{DB447787-2132-4C47-B90E-31373069A0F6}.Debug|x86.ActiveCfg = Debug|x86
		{DB447787-2132-4C47-B90E-31373069A0F6}.Debug|x86.Build.0 = Debug|x86
		{DB447787-2132-4C47-B90E-31373069A0F6}.Release|ARM.ActiveCfg = Release|ARM
		{DB447787-2132-4C47-B90E-31373069A0F6}.Release|ARM.Build.0 = Release|ARM
		{DB447787-2132-4C47-B90E-31373069A0F6}.Release|ARM64.ActiveCfg = Release|ARM64
		{DB447787-2132-4C47-B90E-31373069A0F6}.Release|ARM64.Build.0 = Release|ARM64
		{DB447787-2132-4C47-B90E-31373069A0F6}.Release|x64.ActiveCfg = Release|x64
		{DB447787-2132-4C47-B90E-31373069A0F6}.Release|x64.Build.0 = Release|x64
		{DB447787-2132-4C47-B90E-31373069A0F6}.Release|x86.ActiveCfg = Release|x86
		{DB447787-2132-4C47-B90E-31373069A0F6}.Release|x86.Build.0 = Release|x86
		{6953325D-6921-409F-8E3E-588FA9C4457B}.Debug|ARM.ActiveCfg = Debug|ARM
		{6953325D-6921-409F-8E3E-588FA9C4457B}.Debug|ARM.Build.0 = Debug|ARM
		{6953325D-6921-409F-8E3E-588FA9C4457B}.Debug|ARM64.ActiveCfg = Debug|ARM64
		{6953325D-6921-409F-8E3E-588FA9C4457B}.Debug|ARM64.Build.0 = Debug|ARM64
		{6953325D-6921-409F-8E3E-588FA9C4457B}.Debug|x64.ActiveCfg = Debug|x64
		{6953325D-6921-409F-8E3E-588FA9C4457B}.Debug|x64.Build.0 = Debug|x64
		{6953325D-6921-409F-8E3E-588FA9C4457B}.Debug|x86.ActiveCfg = Debug|x86
		{6953325D-6921-409F-8E3E-588FA9C4457B}.Debug|x86.Build.0 = Debug|x86
		{6953325D-6921-409F-8E3E-588FA9C4457B}.Release|ARM.ActiveCfg = Release|ARM
		{6953325D-6921-409F-8E3E-588FA9C4457B}.Release|ARM.Build.0 = Release|ARM
		{6953325D-6921-409F-8E3E-588FA9C4457B}.Release|ARM64.ActiveCfg = Release|ARM64
		{6953325D-6921-409F-8E3E-588FA9C4457B}.Release|ARM64.Build.0 = Release|ARM64
		{6953325D-6921-409F-8E3E-588FA9C4457B}.Release|x64.ActiveCfg = Release|x64
		{6953325D-6921-409F-8E3E-588FA9C4457B}.Release|x64.Build.0 = Release|x64
		{6953325D-6921-409F-8E3E-588FA9C4457B}.Release|x86.ActiveCfg = Release|x86
		{6953325D-6921-409F-8E3E-588FA9C4457B}.Release|x86.Build.0 = Release|x86
		{616831B4-3680-4CD9-94E0-BB896EAB6769}.Debug|ARM.ActiveCfg = Debug|ARM
		{616831B4-3680-4CD9-94E0-BB896EAB6769}.Debug|ARM.Build.0 = Debug|ARM
		{616831B4-3680-4CD9-94E0-BB896EAB6769}.Debug|ARM64.ActiveCfg = Debug|Win32
		{616831B4-3680-4CD9-94E0-BB896EAB6769}.Debug|x64.ActiveCfg = Debug|x64
		{616831B4-3680-4CD9-94E0-BB896EAB6769}.Debug|x64.Build.0 = Debug|x64
		{616831B4-3680-4CD9-94E0-BB896EAB6769}.Debug|x86.ActiveCfg = Debug|Win32
		{616831B4-3680-4CD9-94E0-BB896EAB6769}.Debug|x86.Build.0 = Debug|Win32
		{616831B4-3680-4CD9-94E0-BB896EAB6769}.Release|ARM.ActiveCfg = Release|ARM
		{616831B4-3680-4CD9-94E0-BB896EAB6769}.Release|ARM.Build.0 = Release|ARM
		{616831B4-3680-4CD9-94E0-BB896EAB6769}.Release|ARM64.ActiveCfg = Release|Win32
		{616831B4-3680-4CD9-94E0-BB896EAB6769}.Release|x64.ActiveCfg = Release|x64
		{616831B4-3680-4CD9-94E0-BB896EAB6769}.Release|x64.Build.0 = Release|x64
		{616831B4-3680-4CD9-94E0-BB896EAB6769}.Release|x86.ActiveCfg = Release|Win32
		{616831B4-3680-4CD9-94E0-BB896EAB6769}.Release|x86.Build.0 = Release|Win32
	EndGlobalSection
	GlobalSection(SolutionProperties) = preSolution
		HideSolutionNode = FALSE
	EndGlobalSection
EndGlobal
