// !$*UTF8*$!
{
	archiveVersion = 1;
	classes = {
	};
	objectVersion = 46;
	objects = {

/* Begin PBXBuildFile section */
		CC1659B61E2281BC003DCD9A /* iOSBridge.m in Sources */ = {isa = PBXBuildFile; fileRef = CC1659B51E2281BC003DCD9A /* iOSBridge.m */; };
		CC1659B71E2281BC003DCD9A /* iOSBridge.h in CopyFiles */ = {isa = PBXBuildFile; fileRef = CC1659B41E2281BC003DCD9A /* iOSBridge.h */; };
/* End PBXBuildFile section */

/* Begin PBXCopyFilesBuildPhase section */
		CC1659AF1E2281BC003DCD9A /* CopyFiles */ = {
			isa = PBXCopyFilesBuildPhase;
			buildActionMask = 2147483647;
			dstPath = "include/$(PRODUCT_NAME)";
			dstSubfolderSpec = 16;
			files = (
				CC1659B71E2281BC003DCD9A /* iOSBridge.h in CopyFiles */,
			);
			runOnlyForDeploymentPostprocessing = 0;
		};
/* End PBXCopyFilesBuildPhase section */

/* Begin PBXFileReference section */
		CC1659B11E2281BC003DCD9A /* libiOSBridge.a */ = {isa = PBXFileReference; explicitFileType = archive.ar; includeInIndex = 0; path = libiOSBridge.a; sourceTree = BUILT_PRODUCTS_DIR; };
		CC1659B41E2281BC003DCD9A /* iOSBridge.h */ = {isa = PBXFileReference; lastKnownFileType = sourcecode.c.h; path = iOSBridge.h; sourceTree = "<group>"; };
		CC1659B51E2281BC003DCD9A /* iOSBridge.m */ = {isa = PBXFileReference; lastKnownFileType = sourcecode.c.objc; path = iOSBridge.m; sourceTree = "<group>"; };
/* End PBXFileReference section */

/* Begin PBXFrameworksBuildPhase section */
		CC1659AE1E2281BC003DCD9A /* Frameworks */ = {
			isa = PBXFrameworksBuildPhase;
			buildActionMask = 2147483647;
			files = (
			);
			runOnlyForDeploymentPostprocessing = 0;
		};
/* End PBXFrameworksBuildPhase section */

/* Begin PBXGroup section */
		CC1659A81E2281BB003DCD9A = {
			isa = PBXGroup;
			children = (
				CC1659B31E2281BC003DCD9A /* iOSBridge */,
				CC1659B21E2281BC003DCD9A /* Products */,
			);
			sourceTree = "<group>";
		};
		CC1659B21E2281BC003DCD9A /* Products */ = {
			isa = PBXGroup;
			children = (
				CC1659B11E2281BC003DCD9A /* libiOSBridge.a */,
			);
			name = Products;
			sourceTree = "<group>";
		};
		CC1659B31E2281BC003DCD9A /* iOSBridge */ = {
			isa = PBXGroup;
			children = (
				CC1659B41E2281BC003DCD9A /* iOSBridge.h */,
				CC1659B51E2281BC003DCD9A /* iOSBridge.m */,
			);
			path = iOSBridge;
			sourceTree = "<group>";
		};
/* End PBXGroup section */

/* Begin PBXNativeTarget section */
		CC1659B01E2281BC003DCD9A /* iOSBridge */ = {
			isa = PBXNativeTarget;
			buildConfigurationList = CC1659BA1E2281BC003DCD9A /* Build configuration list for PBXNativeTarget "iOSBridge" */;
			buildPhases = (
				CC1659AD1E2281BC003DCD9A /* Sources */,
				CC1659AE1E2281BC003DCD9A /* Frameworks */,
				CC1659AF1E2281BC003DCD9A /* CopyFiles */,
			);
			buildRules = (
			);
			dependencies = (
			);
			name = iOSBridge;
			productName = iOSBridge;
			productReference = CC1659B11E2281BC003DCD9A /* libiOSBridge.a */;
			productType = "com.apple.product-type.library.static";
		};
/* End PBXNativeTarget section */

/* Begin PBXProject section */
		CC1659A91E2281BB003DCD9A /* Project object */ = {
			isa = PBXProject;
			attributes = {
				LastUpgradeCheck = 0820;
				ORGANIZATIONNAME = Bromancer;
				TargetAttributes = {
					CC1659B01E2281BC003DCD9A = {
						CreatedOnToolsVersion = 8.2.1;
						DevelopmentTeam = 3YC373B5PT;
						ProvisioningStyle = Automatic;
					};
				};
			};
			buildConfigurationList = CC1659AC1E2281BB003DCD9A /* Build configuration list for PBXProject "iOSBridge" */;
			compatibilityVersion = "Xcode 3.2";
			developmentRegion = English;
			hasScannedForEncodings = 0;
			knownRegions = (
				en,
			);
			mainGroup = CC1659A81E2281BB003DCD9A;
			productRefGroup = CC1659B21E2281BC003DCD9A /* Products */;
			projectDirPath = "";
			projectRoot = "";
			targets = (
				CC1659B01E2281BC003DCD9A /* iOSBridge */,
			);
		};
/* End PBXProject section */

/* Begin PBXSourcesBuildPhase section */
		CC1659AD1E2281BC003DCD9A /* Sources */ = {
			isa = PBXSourcesBuildPhase;
			buildActionMask = 2147483647;
			files = (
				CC1659B61E2281BC003DCD9A /* iOSBridge.m in Sources */,
			);
			runOnlyForDeploymentPostprocessing = 0;
		};
/* End PBXSourcesBuildPhase section */

/* Begin XCBuildConfiguration section */
		CC1659B81E2281BC003DCD9A /* Debug */ = {
			isa = XCBuildConfiguration;
			buildSettings = {
				ALWAYS_SEARCH_USER_PATHS = NO;
				CLANG_ANALYZER_NONNULL = YES;
				CLANG_CXX_LANGUAGE_STANDARD = "gnu++0x";
				CLANG_CXX_LIBRARY = "libc++";
				CLANG_ENABLE_MODULES = YES;
				CLANG_ENABLE_OBJC_ARC = YES;
				CLANG_WARN_BOOL_CONVERSION = YES;
				CLANG_WARN_CONSTANT_CONVERSION = YES;
				CLANG_WARN_DIRECT_OBJC_ISA_USAGE = YES_ERROR;
				CLANG_WARN_DOCUMENTATION_COMMENTS = YES;
				CLANG_WARN_EMPTY_BODY = YES;
				CLANG_WARN_ENUM_CONVERSION = YES;
				CLANG_WARN_INFINITE_RECURSION = YES;
				CLANG_WARN_INT_CONVERSION = YES;
				CLANG_WARN_OBJC_ROOT_CLASS = YES_ERROR;
				CLANG_WARN_SUSPICIOUS_MOVE = YES;
				CLANG_WARN_UNREACHABLE_CODE = YES;
				CLANG_WARN__DUPLICATE_METHOD_MATCH = YES;
				"CODE_SIGN_IDENTITY[sdk=iphoneos*]" = "iPhone Developer";
				COPY_PHASE_STRIP = NO;
				DEBUG_INFORMATION_FORMAT = dwarf;
				ENABLE_STRICT_OBJC_MSGSEND = YES;
				ENABLE_TESTABILITY = YES;
				GCC_C_LANGUAGE_STANDARD = gnu99;
				GCC_DYNAMIC_NO_PIC = NO;
				GCC_NO_COMMON_BLOCKS = YES;
				GCC_OPTIMIZATION_LEVEL = 0;
				GCC_PREPROCESSOR_DEFINITIONS = (
					"DEBUG=1",
					"$(inherited)",
				);
				GCC_WARN_64_TO_32_BIT_CONVERSION = YES;
				GCC_WARN_ABOUT_RETURN_TYPE = YES_ERROR;
				GCC_WARN_UNDECLARED_SELECTOR = YES;
				GCC_WARN_UNINITIALIZED_AUTOS = YES_AGGRESSIVE;
				GCC_WARN_UNUSED_FUNCTION = YES;
				GCC_WARN_UNUSED_VARIABLE = YES;
				IPHONEOS_DEPLOYMENT_TARGET = 10.2;
				MTL_ENABLE_DEBUG_INFO = YES;
				ONLY_ACTIVE_ARCH = YES;
				SDKROOT = iphoneos;
			};
			name = Debug;
		};
		CC1659B91E2281BC003DCD9A /* Release */ = {
			isa = XCBuildConfiguration;
			buildSettings = {
				ALWAYS_SEARCH_USER_PATHS = NO;
				CLANG_ANALYZER_NONNULL = YES;
				CLANG_CXX_LANGUAGE_STANDARD = "gnu++0x";
				CLANG_CXX_LIBRARY = "libc++";
				CLANG_ENABLE_MODULES = YES;
				CLANG_ENABLE_OBJC_ARC = YES;
				CLANG_WARN_BOOL_CONVERSION = YES;
				CLANG_WARN_CONSTANT_CONVERSION = YES;
				CLANG_WARN_DIRECT_OBJC_ISA_USAGE = YES_ERROR;
				CLANG_WARN_DOCUMENTATION_COMMENTS = YES;
				CLANG_WARN_EMPTY_BODY = YES;
				CLANG_WARN_ENUM_CONVERSION = YES;
				CLANG_WARN_INFINITE_RECURSION = YES;
				CLANG_WARN_INT_CONVERSION = YES;
				CLANG_WARN_OBJC_ROOT_CLASS = YES_ERROR;
				CLANG_WARN_SUSPICIOUS_MOVE = YES;
				CLANG_WARN_UNREACHABLE_CODE = YES;
				CLANG_WARN__DUPLICATE_METHOD_MATCH = YES;
				"CODE_SIGN_IDENTITY[sdk=iphoneos*]" = "iPhone Developer";
				COPY_PHASE_STRIP = NO;
				DEBUG_INFORMATION_FORMAT = "dwarf-with-dsym";
				ENABLE_NS_ASSERTIONS = NO;
				ENABLE_STRICT_OBJC_MSGSEND = YES;
				GCC_C_LANGUAGE_STANDARD = gnu99;
				GCC_NO_COMMON_BLOCKS = YES;
				GCC_WARN_64_TO_32_BIT_CONVERSION = YES;
				GCC_WARN_ABOUT_RETURN_TYPE = YES_ERROR;
				GCC_WARN_UNDECLARED_SELECTOR = YES;
				GCC_WARN_UNINITIALIZED_AUTOS = YES_AGGRESSIVE;
				GCC_WARN_UNUSED_FUNCTION = YES;
				GCC_WARN_UNUSED_VARIABLE = YES;
				IPHONEOS_DEPLOYMENT_TARGET = 10.2;
				MTL_ENABLE_DEBUG_INFO = NO;
				SDKROOT = iphoneos;
				VALIDATE_PRODUCT = YES;
			};
			name = Release;
		};
		CC1659BB1E2281BC003DCD9A /* Debug */ = {
			isa = XCBuildConfiguration;
			buildSettings = {
				DEVELOPMENT_TEAM = 3YC373B5PT;
				OTHER_LDFLAGS = "-ObjC";
				PRODUCT_NAME = "$(TARGET_NAME)";
				SKIP_INSTALL = YES;
			};
			name = Debug;
		};
		CC1659BC1E2281BC003DCD9A /* Release */ = {
			isa = XCBuildConfiguration;
			buildSettings = {
				DEVELOPMENT_TEAM = 3YC373B5PT;
				OTHER_LDFLAGS = "-ObjC";
				PRODUCT_NAME = "$(TARGET_NAME)";
				SKIP_INSTALL = YES;
			};
			name = Release;
		};
/* End XCBuildConfiguration section */

/* Begin XCConfigurationList section */
		CC1659AC1E2281BB003DCD9A /* Build configuration list for PBXProject "iOSBridge" */ = {
			isa = XCConfigurationList;
			buildConfigurations = (
				CC1659B81E2281BC003DCD9A /* Debug */,
				CC1659B91E2281BC003DCD9A /* Release */,
			);
			defaultConfigurationIsVisible = 0;
			defaultConfigurationName = Release;
		};
		CC1659BA1E2281BC003DCD9A /* Build configuration list for PBXNativeTarget "iOSBridge" */ = {
			isa = XCConfigurationList;
			buildConfigurations = (
				CC1659BB1E2281BC003DCD9A /* Debug */,
				CC1659BC1E2281BC003DCD9A /* Release */,
			);
			defaultConfigurationIsVisible = 0;
		};
/* End XCConfigurationList section */
	};
	rootObject = CC1659A91E2281BB003DCD9A /* Project object */;
}
